
Microsoft Visual Studio Solution File, Format Version 12.00
# Visual Studio Version 16
VisualStudioVersion = 16.0.30711.63
MinimumVisualStudioVersion = 10.0.40219.1
Project("{FAE04EC0-301F-11D3-BF4B-00C04F79EFBC}") = "CENG307_171180038_HW1", "CENG307_171180038_HW1\CENG307_171180038_HW1.csproj", "{3A808F5D-E3B9-476C-A454-7B8F2D59F4CD}"
EndProject
Global
	GlobalSection(SolutionConfigurationPlatforms) = preSolution
		Debug|Any CPU = Debug|Any CPU
		Release|Any CPU = Release|Any CPU
	EndGlobalSection
	GlobalSection(ProjectConfigurationPlatforms) = postSolution
		{3A808F5D-E3B9-476C-A454-7B8F2D59F4CD}.Debug|Any CPU.ActiveCfg = Debug|Any CPU
		{3A808F5D-E3B9-476C-A454-7B8F2D59F4CD}.Debug|Any CPU.Build.0 = Debug|Any CPU
		{3A808F5D-E3B9-476C-A454-7B8F2D59F4CD}.Release|Any CPU.ActiveCfg = Release|Any CPU
		{3A808F5D-E3B9-476C-A454-7B8F2D59F4CD}.Release|Any CPU.Build.0 = Release|Any CPU
	EndGlobalSection
	GlobalSection(SolutionProperties) = preSolution
		HideSolutionNode = FALSE
	EndGlobalSection
	GlobalSection(ExtensibilityGlobals) = postSolution
		SolutionGuid = {4206A0DD-F29D-4D5B-84C3-0E8DF8F150EC}
	EndGlobalSection
EndGlobal
